
Microsoft Visual Studio Solution File, Format Version 12.00
# Visual Studio Version 16
VisualStudioVersion = 16.0.31424.327
MinimumVisualStudioVersion = 10.0.40219.1
Project("{FAE04EC0-301F-11D3-BF4B-00C04F79EFBC}") = "Game.ConnectFour", "Game.ConnectFour\Game.ConnectFour.csproj", "{707C10DB-7DB8-47A4-A202-EF7B220875EA}"
EndProject
Global
	GlobalSection(SolutionConfigurationPlatforms) = preSolution
		Debug|Any CPU = Debug|Any CPU
		Release|Any CPU = Release|Any CPU
	EndGlobalSection
	GlobalSection(ProjectConfigurationPlatforms) = postSolution
		{707C10DB-7DB8-47A4-A202-EF7B220875EA}.Debug|Any CPU.ActiveCfg = Debug|Any CPU
		{707C10DB-7DB8-47A4-A202-EF7B220875EA}.Debug|Any CPU.Build.0 = Debug|Any CPU
		{707C10DB-7DB8-47A4-A202-EF7B220875EA}.Release|Any CPU.ActiveCfg = Release|Any CPU
		{707C10DB-7DB8-47A4-A202-EF7B220875EA}.Release|Any CPU.Build.0 = Release|Any CPU
	EndGlobalSection
	GlobalSection(SolutionProperties) = preSolution
		HideSolutionNode = FALSE
	EndGlobalSection
	GlobalSection(ExtensibilityGlobals) = postSolution
		SolutionGuid = {1F922409-FAD8-477A-B0CC-5D4C34336CBC}
	EndGlobalSection
EndGlobal
